// !$*UTF8*$!
{
	archiveVersion = 1;
	classes = {
	};
	objectVersion = 51;
	objects = {

/* Begin PBXBuildFile section */
		79EAEBC9F820DC6DE5266B1E /* Pods_Movie_App.framework in Frameworks */ = {isa = PBXBuildFile; fileRef = 6FB3B24200F6A536989303DA /* Pods_Movie_App.framework */; };
		D12CECC422FE635900D5EFB2 /* AppDelegate.swift in Sources */ = {isa = PBXBuildFile; fileRef = D12CECC322FE635900D5EFB2 /* AppDelegate.swift */; };
		D12CECC622FE635900D5EFB2 /* LoginVC.swift in Sources */ = {isa = PBXBuildFile; fileRef = D12CECC522FE635900D5EFB2 /* LoginVC.swift */; };
		D12CECC922FE635900D5EFB2 /* Main.storyboard in Resources */ = {isa = PBXBuildFile; fileRef = D12CECC722FE635900D5EFB2 /* Main.storyboard */; };
		D12CECCB22FE635D00D5EFB2 /* Assets.xcassets in Resources */ = {isa = PBXBuildFile; fileRef = D12CECCA22FE635D00D5EFB2 /* Assets.xcassets */; };
		D12CECCE22FE635D00D5EFB2 /* LaunchScreen.storyboard in Resources */ = {isa = PBXBuildFile; fileRef = D12CECCC22FE635D00D5EFB2 /* LaunchScreen.storyboard */; };
		D1B4C32022FE64FD00F4BE4D /* Constants.swift in Sources */ = {isa = PBXBuildFile; fileRef = D1B4C31F22FE64FD00F4BE4D /* Constants.swift */; };
		D1B7647E22FE698600DBEF17 /* AuthService.swift in Sources */ = {isa = PBXBuildFile; fileRef = D1B7647D22FE698600DBEF17 /* AuthService.swift */; };
		D1B7648022FE69C500DBEF17 /* DataService.swift in Sources */ = {isa = PBXBuildFile; fileRef = D1B7647F22FE69C500DBEF17 /* DataService.swift */; };
		D1B7648222FE77FE00DBEF17 /* CustomTextField.swift in Sources */ = {isa = PBXBuildFile; fileRef = D1B7648122FE77FE00DBEF17 /* CustomTextField.swift */; };
		D1B7648422FE789500DBEF17 /* RoundedButton.swift in Sources */ = {isa = PBXBuildFile; fileRef = D1B7648322FE789500DBEF17 /* RoundedButton.swift */; };
		D1B7648622FE9D7900DBEF17 /* TopRatedVC.swift in Sources */ = {isa = PBXBuildFile; fileRef = D1B7648522FE9D7900DBEF17 /* TopRatedVC.swift */; };
		D1B7648822FE9DA800DBEF17 /* MovieDetailsVC.swift in Sources */ = {isa = PBXBuildFile; fileRef = D1B7648722FE9DA800DBEF17 /* MovieDetailsVC.swift */; };
		D1B7648A22FE9DCF00DBEF17 /* AccountVC.swift in Sources */ = {isa = PBXBuildFile; fileRef = D1B7648922FE9DCF00DBEF17 /* AccountVC.swift */; };
		D1B7648C22FEAB8A00DBEF17 /* TopRatedCell.swift in Sources */ = {isa = PBXBuildFile; fileRef = D1B7648B22FEAB8A00DBEF17 /* TopRatedCell.swift */; };
		D1B7648E22FEB33500DBEF17 /* Movie.swift in Sources */ = {isa = PBXBuildFile; fileRef = D1B7648D22FEB33500DBEF17 /* Movie.swift */; };
		D1E56EC522FF9CB100E22FA3 /* User.swift in Sources */ = {isa = PBXBuildFile; fileRef = D1E56EC422FF9CB100E22FA3 /* User.swift */; };
		D1E56EC822FFA8CA00E22FA3 /* UIViewControllerExtension.swift in Sources */ = {isa = PBXBuildFile; fileRef = D1E56EC722FFA8C900E22FA3 /* UIViewControllerExtension.swift */; };
/* End PBXBuildFile section */

/* Begin PBXFileReference section */
		6FB3B24200F6A536989303DA /* Pods_Movie_App.framework */ = {isa = PBXFileReference; explicitFileType = wrapper.framework; includeInIndex = 0; path = Pods_Movie_App.framework; sourceTree = BUILT_PRODUCTS_DIR; };
		963C6ADFE0CE44C882BE5864 /* Pods-Movie App.release.xcconfig */ = {isa = PBXFileReference; includeInIndex = 1; lastKnownFileType = text.xcconfig; name = "Pods-Movie App.release.xcconfig"; path = "Pods/Target Support Files/Pods-Movie App/Pods-Movie App.release.xcconfig"; sourceTree = "<group>"; };
		A8C1A6D4B266BC7C44BFF7C5 /* Pods-Movie App.debug.xcconfig */ = {isa = PBXFileReference; includeInIndex = 1; lastKnownFileType = text.xcconfig; name = "Pods-Movie App.debug.xcconfig"; path = "Pods/Target Support Files/Pods-Movie App/Pods-Movie App.debug.xcconfig"; sourceTree = "<group>"; };
		D12CECC022FE635900D5EFB2 /* Movie App.app */ = {isa = PBXFileReference; explicitFileType = wrapper.application; includeInIndex = 0; path = "Movie App.app"; sourceTree = BUILT_PRODUCTS_DIR; };
		D12CECC322FE635900D5EFB2 /* AppDelegate.swift */ = {isa = PBXFileReference; lastKnownFileType = sourcecode.swift; path = AppDelegate.swift; sourceTree = "<group>"; };
		D12CECC522FE635900D5EFB2 /* LoginVC.swift */ = {isa = PBXFileReference; lastKnownFileType = sourcecode.swift; path = LoginVC.swift; sourceTree = "<group>"; };
		D12CECC822FE635900D5EFB2 /* Base */ = {isa = PBXFileReference; lastKnownFileType = file.storyboard; name = Base; path = Base.lproj/Main.storyboard; sourceTree = "<group>"; };
		D12CECCA22FE635D00D5EFB2 /* Assets.xcassets */ = {isa = PBXFileReference; lastKnownFileType = folder.assetcatalog; path = Assets.xcassets; sourceTree = "<group>"; };
		D12CECCD22FE635D00D5EFB2 /* Base */ = {isa = PBXFileReference; lastKnownFileType = file.storyboard; name = Base; path = Base.lproj/LaunchScreen.storyboard; sourceTree = "<group>"; };
		D12CECCF22FE635D00D5EFB2 /* Info.plist */ = {isa = PBXFileReference; lastKnownFileType = text.plist.xml; path = Info.plist; sourceTree = "<group>"; };
		D1B4C31F22FE64FD00F4BE4D /* Constants.swift */ = {isa = PBXFileReference; lastKnownFileType = sourcecode.swift; path = Constants.swift; sourceTree = "<group>"; };
		D1B7647D22FE698600DBEF17 /* AuthService.swift */ = {isa = PBXFileReference; lastKnownFileType = sourcecode.swift; path = AuthService.swift; sourceTree = "<group>"; };
		D1B7647F22FE69C500DBEF17 /* DataService.swift */ = {isa = PBXFileReference; lastKnownFileType = sourcecode.swift; path = DataService.swift; sourceTree = "<group>"; };
		D1B7648122FE77FE00DBEF17 /* CustomTextField.swift */ = {isa = PBXFileReference; lastKnownFileType = sourcecode.swift; path = CustomTextField.swift; sourceTree = "<group>"; };
		D1B7648322FE789500DBEF17 /* RoundedButton.swift */ = {isa = PBXFileReference; lastKnownFileType = sourcecode.swift; path = RoundedButton.swift; sourceTree = "<group>"; };
		D1B7648522FE9D7900DBEF17 /* TopRatedVC.swift */ = {isa = PBXFileReference; lastKnownFileType = sourcecode.swift; path = TopRatedVC.swift; sourceTree = "<group>"; };
		D1B7648722FE9DA800DBEF17 /* MovieDetailsVC.swift */ = {isa = PBXFileReference; lastKnownFileType = sourcecode.swift; path = MovieDetailsVC.swift; sourceTree = "<group>"; };
		D1B7648922FE9DCF00DBEF17 /* AccountVC.swift */ = {isa = PBXFileReference; lastKnownFileType = sourcecode.swift; path = AccountVC.swift; sourceTree = "<group>"; };
		D1B7648B22FEAB8A00DBEF17 /* TopRatedCell.swift */ = {isa = PBXFileReference; lastKnownFileType = sourcecode.swift; path = TopRatedCell.swift; sourceTree = "<group>"; };
		D1B7648D22FEB33500DBEF17 /* Movie.swift */ = {isa = PBXFileReference; lastKnownFileType = sourcecode.swift; path = Movie.swift; sourceTree = "<group>"; };
		D1E56EC422FF9CB100E22FA3 /* User.swift */ = {isa = PBXFileReference; lastKnownFileType = sourcecode.swift; path = User.swift; sourceTree = "<group>"; };
		D1E56EC722FFA8C900E22FA3 /* UIViewControllerExtension.swift */ = {isa = PBXFileReference; fileEncoding = 4; lastKnownFileType = sourcecode.swift; path = UIViewControllerExtension.swift; sourceTree = "<group>"; };
/* End PBXFileReference section */

/* Begin PBXFrameworksBuildPhase section */
		D12CECBD22FE635900D5EFB2 /* Frameworks */ = {
			isa = PBXFrameworksBuildPhase;
			buildActionMask = 2147483647;
			files = (
				79EAEBC9F820DC6DE5266B1E /* Pods_Movie_App.framework in Frameworks */,
			);
			runOnlyForDeploymentPostprocessing = 0;
		};
/* End PBXFrameworksBuildPhase section */

/* Begin PBXGroup section */
		C4F1DB8E073BFA57A366AD8A /* Frameworks */ = {
			isa = PBXGroup;
			children = (
				6FB3B24200F6A536989303DA /* Pods_Movie_App.framework */,
			);
			name = Frameworks;
			sourceTree = "<group>";
		};
		D12CECB722FE635800D5EFB2 = {
			isa = PBXGroup;
			children = (
				D12CECC222FE635900D5EFB2 /* Movie App */,
				D12CECC122FE635900D5EFB2 /* Products */,
				DD2E4EB15C93B93E66FFE6F5 /* Pods */,
				C4F1DB8E073BFA57A366AD8A /* Frameworks */,
			);
			sourceTree = "<group>";
		};
		D12CECC122FE635900D5EFB2 /* Products */ = {
			isa = PBXGroup;
			children = (
				D12CECC022FE635900D5EFB2 /* Movie App.app */,
			);
			name = Products;
			sourceTree = "<group>";
		};
		D12CECC222FE635900D5EFB2 /* Movie App */ = {
			isa = PBXGroup;
			children = (
				D1B4C31E22FE64E600F4BE4D /* Utilities */,
				D1B4C31D22FE64DA00F4BE4D /* Services */,
				D1E56EC622FFA8A600E22FA3 /* Extensions */,
				D1B4C31C22FE64D100F4BE4D /* Model */,
				D1B4C31B22FE64C700F4BE4D /* View */,
				D1B4C31A22FE64B500F4BE4D /* Controller */,
				D12CECC322FE635900D5EFB2 /* AppDelegate.swift */,
				D12CECC722FE635900D5EFB2 /* Main.storyboard */,
				D12CECCA22FE635D00D5EFB2 /* Assets.xcassets */,
				D12CECCC22FE635D00D5EFB2 /* LaunchScreen.storyboard */,
				D12CECCF22FE635D00D5EFB2 /* Info.plist */,
			);
			path = "Movie App";
			sourceTree = "<group>";
		};
		D1B4C31A22FE64B500F4BE4D /* Controller */ = {
			isa = PBXGroup;
			children = (
				D12CECC522FE635900D5EFB2 /* LoginVC.swift */,
				D1B7648522FE9D7900DBEF17 /* TopRatedVC.swift */,
				D1B7648722FE9DA800DBEF17 /* MovieDetailsVC.swift */,
				D1B7648922FE9DCF00DBEF17 /* AccountVC.swift */,
			);
			path = Controller;
			sourceTree = "<group>";
		};
		D1B4C31B22FE64C700F4BE4D /* View */ = {
			isa = PBXGroup;
			children = (
				D1B4C32222FE651100F4BE4D /* Cells */,
				D1B4C32122FE650C00F4BE4D /* UI */,
			);
			path = View;
			sourceTree = "<group>";
		};
		D1B4C31C22FE64D100F4BE4D /* Model */ = {
			isa = PBXGroup;
			children = (
				D1B7648D22FEB33500DBEF17 /* Movie.swift */,
				D1E56EC422FF9CB100E22FA3 /* User.swift */,
			);
			path = Model;
			sourceTree = "<group>";
		};
		D1B4C31D22FE64DA00F4BE4D /* Services */ = {
			isa = PBXGroup;
			children = (
				D1B7647F22FE69C500DBEF17 /* DataService.swift */,
				D1B7647D22FE698600DBEF17 /* AuthService.swift */,
			);
			path = Services;
			sourceTree = "<group>";
		};
		D1B4C31E22FE64E600F4BE4D /* Utilities */ = {
			isa = PBXGroup;
			children = (
				D1B4C31F22FE64FD00F4BE4D /* Constants.swift */,
			);
			path = Utilities;
			sourceTree = "<group>";
		};
		D1B4C32122FE650C00F4BE4D /* UI */ = {
			isa = PBXGroup;
			children = (
				D1B7648122FE77FE00DBEF17 /* CustomTextField.swift */,
				D1B7648322FE789500DBEF17 /* RoundedButton.swift */,
			);
			path = UI;
			sourceTree = "<group>";
		};
		D1B4C32222FE651100F4BE4D /* Cells */ = {
			isa = PBXGroup;
			children = (
				D1B7648B22FEAB8A00DBEF17 /* TopRatedCell.swift */,
			);
			path = Cells;
			sourceTree = "<group>";
		};
		D1E56EC622FFA8A600E22FA3 /* Extensions */ = {
			isa = PBXGroup;
			children = (
				D1E56EC722FFA8C900E22FA3 /* UIViewControllerExtension.swift */,
			);
			path = Extensions;
			sourceTree = "<group>";
		};
		DD2E4EB15C93B93E66FFE6F5 /* Pods */ = {
			isa = PBXGroup;
			children = (
				A8C1A6D4B266BC7C44BFF7C5 /* Pods-Movie App.debug.xcconfig */,
				963C6ADFE0CE44C882BE5864 /* Pods-Movie App.release.xcconfig */,
			);
			name = Pods;
			sourceTree = "<group>";
		};
/* End PBXGroup section */

/* Begin PBXNativeTarget section */
		D12CECBF22FE635900D5EFB2 /* Movie App */ = {
			isa = PBXNativeTarget;
			buildConfigurationList = D12CECD222FE635D00D5EFB2 /* Build configuration list for PBXNativeTarget "Movie App" */;
			buildPhases = (
				070F4406C670BE52FABAA6FC /* [CP] Check Pods Manifest.lock */,
				D12CECBC22FE635900D5EFB2 /* Sources */,
				D12CECBD22FE635900D5EFB2 /* Frameworks */,
				D12CECBE22FE635900D5EFB2 /* Resources */,
				E90C0987792ACB6FCE715F47 /* [CP] Embed Pods Frameworks */,
			);
			buildRules = (
			);
			dependencies = (
			);
			name = "Movie App";
			productName = "Movie App";
			productReference = D12CECC022FE635900D5EFB2 /* Movie App.app */;
			productType = "com.apple.product-type.application";
		};
/* End PBXNativeTarget section */

/* Begin PBXProject section */
		D12CECB822FE635900D5EFB2 /* Project object */ = {
			isa = PBXProject;
			attributes = {
				LastSwiftUpdateCheck = 1020;
				LastUpgradeCheck = 1020;
				ORGANIZATIONNAME = "Mohamed Kotb";
				TargetAttributes = {
					D12CECBF22FE635900D5EFB2 = {
						CreatedOnToolsVersion = 10.2.1;
					};
				};
			};
			buildConfigurationList = D12CECBB22FE635900D5EFB2 /* Build configuration list for PBXProject "Movie App" */;
			compatibilityVersion = "Xcode 9.3";
			developmentRegion = en;
			hasScannedForEncodings = 0;
			knownRegions = (
				en,
				Base,
			);
			mainGroup = D12CECB722FE635800D5EFB2;
			productRefGroup = D12CECC122FE635900D5EFB2 /* Products */;
			projectDirPath = "";
			projectRoot = "";
			targets = (
				D12CECBF22FE635900D5EFB2 /* Movie App */,
			);
		};
/* End PBXProject section */

/* Begin PBXResourcesBuildPhase section */
		D12CECBE22FE635900D5EFB2 /* Resources */ = {
			isa = PBXResourcesBuildPhase;
			buildActionMask = 2147483647;
			files = (
				D12CECCE22FE635D00D5EFB2 /* LaunchScreen.storyboard in Resources */,
				D12CECCB22FE635D00D5EFB2 /* Assets.xcassets in Resources */,
				D12CECC922FE635900D5EFB2 /* Main.storyboard in Resources */,
			);
			runOnlyForDeploymentPostprocessing = 0;
		};
/* End PBXResourcesBuildPhase section */

/* Begin PBXShellScriptBuildPhase section */
		070F4406C670BE52FABAA6FC /* [CP] Check Pods Manifest.lock */ = {
			isa = PBXShellScriptBuildPhase;
			buildActionMask = 2147483647;
			files = (
			);
			inputPaths = (
				"${PODS_PODFILE_DIR_PATH}/Podfile.lock",
				"${PODS_ROOT}/Manifest.lock",
			);
			name = "[CP] Check Pods Manifest.lock";
			outputPaths = (
				"$(DERIVED_FILE_DIR)/Pods-Movie App-checkManifestLockResult.txt",
			);
			runOnlyForDeploymentPostprocessing = 0;
			shellPath = /bin/sh;
			shellScript = "diff \"${PODS_PODFILE_DIR_PATH}/Podfile.lock\" \"${PODS_ROOT}/Manifest.lock\" > /dev/null\nif [ $? != 0 ] ; then\n    # print error to STDERR\n    echo \"error: The sandbox is not in sync with the Podfile.lock. Run 'pod install' or update your CocoaPods installation.\" >&2\n    exit 1\nfi\n# This output is used by Xcode 'outputs' to avoid re-running this script phase.\necho \"SUCCESS\" > \"${SCRIPT_OUTPUT_FILE_0}\"\n";
			showEnvVarsInLog = 0;
		};
		E90C0987792ACB6FCE715F47 /* [CP] Embed Pods Frameworks */ = {
			isa = PBXShellScriptBuildPhase;
			buildActionMask = 2147483647;
			files = (
			);
			inputFileListPaths = (
				"${PODS_ROOT}/Target Support Files/Pods-Movie App/Pods-Movie App-frameworks-${CONFIGURATION}-input-files.xcfilelist",
			);
			name = "[CP] Embed Pods Frameworks";
			outputFileListPaths = (
				"${PODS_ROOT}/Target Support Files/Pods-Movie App/Pods-Movie App-frameworks-${CONFIGURATION}-output-files.xcfilelist",
			);
			runOnlyForDeploymentPostprocessing = 0;
			shellPath = /bin/sh;
			shellScript = "\"${PODS_ROOT}/Target Support Files/Pods-Movie App/Pods-Movie App-frameworks.sh\"\n";
			showEnvVarsInLog = 0;
		};
/* End PBXShellScriptBuildPhase section */

/* Begin PBXSourcesBuildPhase section */
		D12CECBC22FE635900D5EFB2 /* Sources */ = {
			isa = PBXSourcesBuildPhase;
			buildActionMask = 2147483647;
			files = (
				D1E56EC522FF9CB100E22FA3 /* User.swift in Sources */,
				D12CECC622FE635900D5EFB2 /* LoginVC.swift in Sources */,
				D1B7648C22FEAB8A00DBEF17 /* TopRatedCell.swift in Sources */,
				D1B7648E22FEB33500DBEF17 /* Movie.swift in Sources */,
				D12CECC422FE635900D5EFB2 /* AppDelegate.swift in Sources */,
				D1B7648222FE77FE00DBEF17 /* CustomTextField.swift in Sources */,
				D1B4C32022FE64FD00F4BE4D /* Constants.swift in Sources */,
				D1B7648422FE789500DBEF17 /* RoundedButton.swift in Sources */,
				D1B7648822FE9DA800DBEF17 /* MovieDetailsVC.swift in Sources */,
				D1B7648A22FE9DCF00DBEF17 /* AccountVC.swift in Sources */,
				D1B7647E22FE698600DBEF17 /* AuthService.swift in Sources */,
				D1B7648022FE69C500DBEF17 /* DataService.swift in Sources */,
				D1E56EC822FFA8CA00E22FA3 /* UIViewControllerExtension.swift in Sources */,
				D1B7648622FE9D7900DBEF17 /* TopRatedVC.swift in Sources */,
			);
			runOnlyForDeploymentPostprocessing = 0;
		};
/* End PBXSourcesBuildPhase section */

/* Begin PBXVariantGroup section */
		D12CECC722FE635900D5EFB2 /* Main.storyboard */ = {
			isa = PBXVariantGroup;
			children = (
				D12CECC822FE635900D5EFB2 /* Base */,
			);
			name = Main.storyboard;
			sourceTree = "<group>";
		};
		D12CECCC22FE635D00D5EFB2 /* LaunchScreen.storyboard */ = {
			isa = PBXVariantGroup;
			children = (
				D12CECCD22FE635D00D5EFB2 /* Base */,
			);
			name = LaunchScreen.storyboard;
			sourceTree = "<group>";
		};
/* End PBXVariantGroup section */

/* Begin XCBuildConfiguration section */
		D12CECD022FE635D00D5EFB2 /* Debug */ = {
			isa = XCBuildConfiguration;
			buildSettings = {
				ALWAYS_SEARCH_USER_PATHS = NO;
				CLANG_ANALYZER_NONNULL = YES;
				CLANG_ANALYZER_NUMBER_OBJECT_CONVERSION = YES_AGGRESSIVE;
				CLANG_CXX_LANGUAGE_STANDARD = "gnu++14";
				CLANG_CXX_LIBRARY = "libc++";
				CLANG_ENABLE_MODULES = YES;
				CLANG_ENABLE_OBJC_ARC = YES;
				CLANG_ENABLE_OBJC_WEAK = YES;
				CLANG_WARN_BLOCK_CAPTURE_AUTORELEASING = YES;
				CLANG_WARN_BOOL_CONVERSION = YES;
				CLANG_WARN_COMMA = YES;
				CLANG_WARN_CONSTANT_CONVERSION = YES;
				CLANG_WARN_DEPRECATED_OBJC_IMPLEMENTATIONS = YES;
				CLANG_WARN_DIRECT_OBJC_ISA_USAGE = YES_ERROR;
				CLANG_WARN_DOCUMENTATION_COMMENTS = YES;
				CLANG_WARN_EMPTY_BODY = YES;
				CLANG_WARN_ENUM_CONVERSION = YES;
				CLANG_WARN_INFINITE_RECURSION = YES;
				CLANG_WARN_INT_CONVERSION = YES;
				CLANG_WARN_NON_LITERAL_NULL_CONVERSION = YES;
				CLANG_WARN_OBJC_IMPLICIT_RETAIN_SELF = YES;
				CLANG_WARN_OBJC_LITERAL_CONVERSION = YES;
				CLANG_WARN_OBJC_ROOT_CLASS = YES_ERROR;
				CLANG_WARN_RANGE_LOOP_ANALYSIS = YES;
				CLANG_WARN_STRICT_PROTOTYPES = YES;
				CLANG_WARN_SUSPICIOUS_MOVE = YES;
				CLANG_WARN_UNGUARDED_AVAILABILITY = YES_AGGRESSIVE;
				CLANG_WARN_UNREACHABLE_CODE = YES;
				CLANG_WARN__DUPLICATE_METHOD_MATCH = YES;
				CODE_SIGN_IDENTITY = "iPhone Developer";
				COPY_PHASE_STRIP = NO;
				DEBUG_INFORMATION_FORMAT = dwarf;
				ENABLE_STRICT_OBJC_MSGSEND = YES;
				ENABLE_TESTABILITY = YES;
				GCC_C_LANGUAGE_STANDARD = gnu11;
				GCC_DYNAMIC_NO_PIC = NO;
				GCC_NO_COMMON_BLOCKS = YES;
				GCC_OPTIMIZATION_LEVEL = 0;
				GCC_PREPROCESSOR_DEFINITIONS = (
					"DEBUG=1",
					"$(inherited)",
				);
				GCC_WARN_64_TO_32_BIT_CONVERSION = YES;
				GCC_WARN_ABOUT_RETURN_TYPE = YES_ERROR;
				GCC_WARN_UNDECLARED_SELECTOR = YES;
				GCC_WARN_UNINITIALIZED_AUTOS = YES_AGGRESSIVE;
				GCC_WARN_UNUSED_FUNCTION = YES;
				GCC_WARN_UNUSED_VARIABLE = YES;
				IPHONEOS_DEPLOYMENT_TARGET = 12.2;
				MTL_ENABLE_DEBUG_INFO = INCLUDE_SOURCE;
				MTL_FAST_MATH = YES;
				ONLY_ACTIVE_ARCH = YES;
				SDKROOT = iphoneos;
				SWIFT_ACTIVE_COMPILATION_CONDITIONS = DEBUG;
				SWIFT_OPTIMIZATION_LEVEL = "-Onone";
			};
			name = Debug;
		};
		D12CECD122FE635D00D5EFB2 /* Release */ = {
			isa = XCBuildConfiguration;
			buildSettings = {
				ALWAYS_SEARCH_USER_PATHS = NO;
				CLANG_ANALYZER_NONNULL = YES;
				CLANG_ANALYZER_NUMBER_OBJECT_CONVERSION = YES_AGGRESSIVE;
				CLANG_CXX_LANGUAGE_STANDARD = "gnu++14";
				CLANG_CXX_LIBRARY = "libc++";
				CLANG_ENABLE_MODULES = YES;
				CLANG_ENABLE_OBJC_ARC = YES;
				CLANG_ENABLE_OBJC_WEAK = YES;
				CLANG_WARN_BLOCK_CAPTURE_AUTORELEASING = YES;
				CLANG_WARN_BOOL_CONVERSION = YES;
				CLANG_WARN_COMMA = YES;
				CLANG_WARN_CONSTANT_CONVERSION = YES;
				CLANG_WARN_DEPRECATED_OBJC_IMPLEMENTATIONS = YES;
				CLANG_WARN_DIRECT_OBJC_ISA_USAGE = YES_ERROR;
				CLANG_WARN_DOCUMENTATION_COMMENTS = YES;
				CLANG_WARN_EMPTY_BODY = YES;
				CLANG_WARN_ENUM_CONVERSION = YES;
				CLANG_WARN_INFINITE_RECURSION = YES;
				CLANG_WARN_INT_CONVERSION = YES;
				CLANG_WARN_NON_LITERAL_NULL_CONVERSION = YES;
				CLANG_WARN_OBJC_IMPLICIT_RETAIN_SELF = YES;
				CLANG_WARN_OBJC_LITERAL_CONVERSION = YES;
				CLANG_WARN_OBJC_ROOT_CLASS = YES_ERROR;
				CLANG_WARN_RANGE_LOOP_ANALYSIS = YES;
				CLANG_WARN_STRICT_PROTOTYPES = YES;
				CLANG_WARN_SUSPICIOUS_MOVE = YES;
				CLANG_WARN_UNGUARDED_AVAILABILITY = YES_AGGRESSIVE;
				CLANG_WARN_UNREACHABLE_CODE = YES;
				CLANG_WARN__DUPLICATE_METHOD_MATCH = YES;
				CODE_SIGN_IDENTITY = "iPhone Developer";
				COPY_PHASE_STRIP = NO;
				DEBUG_INFORMATION_FORMAT = "dwarf-with-dsym";
				ENABLE_NS_ASSERTIONS = NO;
				ENABLE_STRICT_OBJC_MSGSEND = YES;
				GCC_C_LANGUAGE_STANDARD = gnu11;
				GCC_NO_COMMON_BLOCKS = YES;
				GCC_WARN_64_TO_32_BIT_CONVERSION = YES;
				GCC_WARN_ABOUT_RETURN_TYPE = YES_ERROR;
				GCC_WARN_UNDECLARED_SELECTOR = YES;
				GCC_WARN_UNINITIALIZED_AUTOS = YES_AGGRESSIVE;
				GCC_WARN_UNUSED_FUNCTION = YES;
				GCC_WARN_UNUSED_VARIABLE = YES;
				IPHONEOS_DEPLOYMENT_TARGET = 12.2;
				MTL_ENABLE_DEBUG_INFO = NO;
				MTL_FAST_MATH = YES;
				SDKROOT = iphoneos;
				SWIFT_COMPILATION_MODE = wholemodule;
				SWIFT_OPTIMIZATION_LEVEL = "-O";
				VALIDATE_PRODUCT = YES;
			};
			name = Release;
		};
		D12CECD322FE635D00D5EFB2 /* Debug */ = {
			isa = XCBuildConfiguration;
			baseConfigurationReference = A8C1A6D4B266BC7C44BFF7C5 /* Pods-Movie App.debug.xcconfig */;
			buildSettings = {
				ASSETCATALOG_COMPILER_APPICON_NAME = AppIcon;
				CODE_SIGN_STYLE = Automatic;
				DEVELOPMENT_TEAM = KC7AXFA778;
				INFOPLIST_FILE = "Movie App/Info.plist";
				IPHONEOS_DEPLOYMENT_TARGET = 12.0;
				LD_RUNPATH_SEARCH_PATHS = (
					"$(inherited)",
					"@executable_path/Frameworks",
				);
				PRODUCT_BUNDLE_IDENTIFIER = "com.Kotb.Movie-App";
				PRODUCT_NAME = "$(TARGET_NAME)";
				SWIFT_VERSION = 5.0;
				TARGETED_DEVICE_FAMILY = 1;
			};
			name = Debug;
		};
		D12CECD422FE635D00D5EFB2 /* Release */ = {
			isa = XCBuildConfiguration;
			baseConfigurationReference = 963C6ADFE0CE44C882BE5864 /* Pods-Movie App.release.xcconfig */;
			buildSettings = {
				ASSETCATALOG_COMPILER_APPICON_NAME = AppIcon;
				CODE_SIGN_STYLE = Automatic;
				DEVELOPMENT_TEAM = KC7AXFA778;
				INFOPLIST_FILE = "Movie App/Info.plist";
				IPHONEOS_DEPLOYMENT_TARGET = 12.0;
				LD_RUNPATH_SEARCH_PATHS = (
					"$(inherited)",
					"@executable_path/Frameworks",
				);
				PRODUCT_BUNDLE_IDENTIFIER = "com.Kotb.Movie-App";
				PRODUCT_NAME = "$(TARGET_NAME)";
				SWIFT_VERSION = 5.0;
				TARGETED_DEVICE_FAMILY = 1;
			};
			name = Release;
		};
/* End XCBuildConfiguration section */

/* Begin XCConfigurationList section */
		D12CECBB22FE635900D5EFB2 /* Build configuration list for PBXProject "Movie App" */ = {
			isa = XCConfigurationList;
			buildConfigurations = (
				D12CECD022FE635D00D5EFB2 /* Debug */,
				D12CECD122FE635D00D5EFB2 /* Release */,
			);
			defaultConfigurationIsVisible = 0;
			defaultConfigurationName = Release;
		};
		D12CECD222FE635D00D5EFB2 /* Build configuration list for PBXNativeTarget "Movie App" */ = {
			isa = XCConfigurationList;
			buildConfigurations = (
				D12CECD322FE635D00D5EFB2 /* Debug */,
				D12CECD422FE635D00D5EFB2 /* Release */,
			);
			defaultConfigurationIsVisible = 0;
			defaultConfigurationName = Release;
		};
/* End XCConfigurationList section */
	};
	rootObject = D12CECB822FE635900D5EFB2 /* Project object */;
}
